# THIS IS AN AUTOGENERATED FILE. DO NOT EDIT THIS FILE DIRECTLY.
# yarn lockfile v1


"@types/node@^20.12.7":
  version "20.17.30"
  resolved "https://registry.yarnpkg.com/@types/node/-/node-20.17.30.tgz#1d93f656d3b869dbef7b796568ac457606ba58d0"
  integrity sha512-7zf4YyHA+jvBNfVrk2Gtvs6x7E8V+YDW05bNfG2XkWDJfYRXrTiP/DsB2zSYTaHX0bGIujTBQdMVAhb+j7mwpg==
  dependencies:
    undici-types "~6.19.2"

cmake-ts@^0.6.0:
  version "0.6.1"
  resolved "https://registry.yarnpkg.com/cmake-ts/-/cmake-ts-0.6.1.tgz#98018c892b33436cf47eae1f86f475bec89aa0fb"
  integrity sha512-uUn2qGhf20j8W/sQ7+UnvvqO1zNccqgbLgwRJi7S23FsjMWJqxvKK80Vc+tvLNKfpJzwH0rgoQD1l24SMnX0yg==

node-addon-api@^8.3.0:
  version "8.3.1"
  resolved "https://registry.yarnpkg.com/node-addon-api/-/node-addon-api-8.3.1.tgz#53bc8a4f8dbde3de787b9828059da94ba9fd4eed"
  integrity sha512-lytcDEdxKjGJPTLEfW4mYMigRezMlyJY8W4wxJK8zE533Jlb8L8dRuObJFWg2P+AuOIxoCgKF+2Oq4d4Zd0OUA==

typescript@^5.4.5:
  version "5.8.3"
  resolved "https://registry.yarnpkg.com/typescript/-/typescript-5.8.3.tgz#92f8a3e5e3cf497356f4178c34cd65a7f5e8440e"
  integrity sha512-p1diW6TqL9L07nNxvRMM7hMMw4c5XOo/1ibL4aAIGmSAt9slTE1Xgw5KWuof2uTOvCg9BY7ZRi+GaF+7sfgPeQ==

undici-types@~6.19.2:
  version "6.19.8"
  resolved "https://registry.yarnpkg.com/undici-types/-/undici-types-6.19.8.tgz#35111c9d1437ab83a7cdc0abae2f26d88eda0a02"
  integrity sha512-ve2KP6f/JnbPBFyobGHuerC9g1FYGn/F8n1LWTwNxCEzd6IfqTwUQcNXgEtmmQ6DlRrC1hrSrBnCZPokRrDHjw==

zeromq@^6.0.0-beta.19:
  version "6.4.1"
  resolved "https://registry.yarnpkg.com/zeromq/-/zeromq-6.4.1.tgz#d4ff98f002c2bc5d4567857be8bf5cf1b5edde08"
  integrity sha512-e9CHngR7wH7Cv7k1ASfYh/k8DurBD1Myx28EyAEiWKhqyhGy30lP3M6NBNN2gb6WmVqNq+KJGEJXO7vTvFW2bA==
  dependencies:
    cmake-ts "^0.6.0"
    node-addon-api "^8.3.0"
